// !$*UTF8*$!
{
	archiveVersion = 1;
	classes = {
	};
	objectVersion = 46;
	objects = {

/* Begin PBXBuildFile section */
		4F037C2A1D1B406D0075FC5E /* JSONObjectConvertible.swift in Sources */ = {isa = PBXBuildFile; fileRef = 4F037C281D1B406D0075FC5E /* JSONObjectConvertible.swift */; };
		4F037C2B1D1B406D0075FC5E /* JSONPrimitiveConvertible.swift in Sources */ = {isa = PBXBuildFile; fileRef = 4F037C291D1B406D0075FC5E /* JSONPrimitiveConvertible.swift */; };
		4F044FA71D7CB40E009FADD4 /* Dictionary+KeyPath.swift in Sources */ = {isa = PBXBuildFile; fileRef = 4F044FA61D7CB40E009FADD4 /* Dictionary+KeyPath.swift */; };
		4F05C4F41CE89191003D4718 /* InlineDecodingTests.swift in Sources */ = {isa = PBXBuildFile; fileRef = 4F05C4F31CE89191003D4718 /* InlineDecodingTests.swift */; };
		4F05C4F61CE8C50F003D4718 /* MockSimpleChild.swift in Sources */ = {isa = PBXBuildFile; fileRef = 4F05C4F51CE8C50F003D4718 /* MockSimpleChild.swift */; };
		4F05C4F81CE8C518003D4718 /* MockSimpleParent.swift in Sources */ = {isa = PBXBuildFile; fileRef = 4F05C4F71CE8C518003D4718 /* MockSimpleParent.swift */; };
		4F0842031C96143500C28467 /* JSONPrimitiveConvertibleTests.swift in Sources */ = {isa = PBXBuildFile; fileRef = 4F0842021C96143500C28467 /* JSONPrimitiveConvertibleTests.swift */; };
		4F316CC11CE88599007F9241 /* MockParent.swift in Sources */ = {isa = PBXBuildFile; fileRef = 4F316CC01CE88599007F9241 /* MockParent.swift */; };
		4F316CC61CE88898007F9241 /* XCTestCase+Additions.swift in Sources */ = {isa = PBXBuildFile; fileRef = 4F316CC51CE88898007F9241 /* XCTestCase+Additions.swift */; };
		4F4339691D3C159900C64537 /* Dictionary+Equatable.swift in Sources */ = {isa = PBXBuildFile; fileRef = 4F0F85FA1CDFEA6E00D2EEB6 /* Dictionary+Equatable.swift */; };
		4F43396B1D3C174000C64537 /* MockChild.swift in Sources */ = {isa = PBXBuildFile; fileRef = 4F316CC21CE885C8007F9241 /* MockChild.swift */; };
		4F47CDF81D1B3C4800F95472 /* Dictionary+JSONKey.swift in Sources */ = {isa = PBXBuildFile; fileRef = 4F47CDF21D1B3C4800F95472 /* Dictionary+JSONKey.swift */; };
		4F47CDF91D1B3C4800F95472 /* DecodingError.swift in Sources */ = {isa = PBXBuildFile; fileRef = 4F47CDF31D1B3C4800F95472 /* DecodingError.swift */; };
		4F47CDFA1D1B3C4800F95472 /* JSONFileLoading.swift in Sources */ = {isa = PBXBuildFile; fileRef = 4F47CDF41D1B3C4800F95472 /* JSONFileLoading.swift */; };
		4F8ADC561C01F02B008FD528 /* correct_with_missing_raw_array.json in Resources */ = {isa = PBXBuildFile; fileRef = 4F8ADC551C01F02B008FD528 /* correct_with_missing_raw_array.json */; };
		4F8ADC581C01F100008FD528 /* correct_with_missing_nested_array.json in Resources */ = {isa = PBXBuildFile; fileRef = 4F8ADC571C01F100008FD528 /* correct_with_missing_nested_array.json */; };
		4FD43DD41D3C2D4E00075410 /* BundleFileLoadingTests.swift in Sources */ = {isa = PBXBuildFile; fileRef = 4FD43DD21D3C2D4100075410 /* BundleFileLoadingTests.swift */; };
		4FD43DD81D3C317800075410 /* JSONFiles.swift in Sources */ = {isa = PBXBuildFile; fileRef = 4FE3C05B1C00F05700607CC4 /* JSONFiles.swift */; };
		4FE3C0291C00EDE900607CC4 /* JSONUtilities.h in Headers */ = {isa = PBXBuildFile; fileRef = 4FE3C0281C00EDE900607CC4 /* JSONUtilities.h */; settings = {ATTRIBUTES = (Public, ); }; };
		4FE3C0301C00EDE900607CC4 /* JSONUtilities.framework in Frameworks */ = {isa = PBXBuildFile; fileRef = 4FE3C0251C00EDE900607CC4 /* JSONUtilities.framework */; };
		4FE3C0351C00EDE900607CC4 /* FileLoadingTests.swift in Sources */ = {isa = PBXBuildFile; fileRef = 4FE3C0341C00EDE900607CC4 /* FileLoadingTests.swift */; };
		4FE3C04F1C00EED400607CC4 /* correct.json in Resources */ = {isa = PBXBuildFile; fileRef = 4FE3C04A1C00EED400607CC4 /* correct.json */; };
		4FE3C0501C00EED400607CC4 /* correct_without_nested_object.json in Resources */ = {isa = PBXBuildFile; fileRef = 4FE3C04B1C00EED400607CC4 /* correct_without_nested_object.json */; };
		4FE3C0511C00EED400607CC4 /* invalid.json in Resources */ = {isa = PBXBuildFile; fileRef = 4FE3C04C1C00EED400607CC4 /* invalid.json */; };
		4FE3C0521C00EED400607CC4 /* root_array.json in Resources */ = {isa = PBXBuildFile; fileRef = 4FE3C04D1C00EED400607CC4 /* root_array.json */; };
		4FE3C0531C00EED400607CC4 /* empty.json in Resources */ = {isa = PBXBuildFile; fileRef = 4FE3C04E1C00EED400607CC4 /* empty.json */; };
		4FE3C0551C00EEE800607CC4 /* JSONDecodingTests.swift in Sources */ = {isa = PBXBuildFile; fileRef = 4FE3C0541C00EEE800607CC4 /* JSONDecodingTests.swift */; };
		4FF31F3B1D7CBF8C00C9CCC8 /* Dictionary+KeyPathTests.swift in Sources */ = {isa = PBXBuildFile; fileRef = 4FF31F3A1D7CBF8C00C9CCC8 /* Dictionary+KeyPathTests.swift */; };
		CC0188FF1EB2288A00D4EA87 /* InvalidItemBehaviour.swift in Sources */ = {isa = PBXBuildFile; fileRef = CC0188FE1EB2288A00D4EA87 /* InvalidItemBehaviour.swift */; };
		CCE82AD11EAA41900035C9F1 /* InvalidItemBehaviourTests.swift in Sources */ = {isa = PBXBuildFile; fileRef = CCE82ACF1EAA41450035C9F1 /* InvalidItemBehaviourTests.swift */; };
		EAD4CA401D894B0D001842D6 /* URL+JSONPrimitiveConvertible.swift in Sources */ = {isa = PBXBuildFile; fileRef = EAD4CA3F1D894B0D001842D6 /* URL+JSONPrimitiveConvertible.swift */; };
/* End PBXBuildFile section */

/* Begin PBXContainerItemProxy section */
		4FE3C0311C00EDE900607CC4 /* PBXContainerItemProxy */ = {
			isa = PBXContainerItemProxy;
			containerPortal = 4FE3C01C1C00EDE900607CC4 /* Project object */;
			proxyType = 1;
			remoteGlobalIDString = 4FE3C0241C00EDE900607CC4;
			remoteInfo = JSONUtilities;
		};
/* End PBXContainerItemProxy section */

/* Begin PBXFileReference section */
		4F037C281D1B406D0075FC5E /* JSONObjectConvertible.swift */ = {isa = PBXFileReference; fileEncoding = 4; lastKnownFileType = sourcecode.swift; path = JSONObjectConvertible.swift; sourceTree = "<group>"; };
		4F037C291D1B406D0075FC5E /* JSONPrimitiveConvertible.swift */ = {isa = PBXFileReference; fileEncoding = 4; lastKnownFileType = sourcecode.swift; path = JSONPrimitiveConvertible.swift; sourceTree = "<group>"; };
		4F044FA61D7CB40E009FADD4 /* Dictionary+KeyPath.swift */ = {isa = PBXFileReference; fileEncoding = 4; lastKnownFileType = sourcecode.swift; path = "Dictionary+KeyPath.swift"; sourceTree = "<group>"; };
		4F05C4F31CE89191003D4718 /* InlineDecodingTests.swift */ = {isa = PBXFileReference; fileEncoding = 4; lastKnownFileType = sourcecode.swift; path = InlineDecodingTests.swift; sourceTree = "<group>"; };
		4F05C4F51CE8C50F003D4718 /* MockSimpleChild.swift */ = {isa = PBXFileReference; fileEncoding = 4; lastKnownFileType = sourcecode.swift; path = MockSimpleChild.swift; sourceTree = "<group>"; };
		4F05C4F71CE8C518003D4718 /* MockSimpleParent.swift */ = {isa = PBXFileReference; fileEncoding = 4; lastKnownFileType = sourcecode.swift; path = MockSimpleParent.swift; sourceTree = "<group>"; };
		4F0842021C96143500C28467 /* JSONPrimitiveConvertibleTests.swift */ = {isa = PBXFileReference; fileEncoding = 4; lastKnownFileType = sourcecode.swift; path = JSONPrimitiveConvertibleTests.swift; sourceTree = "<group>"; };
		4F0F85FA1CDFEA6E00D2EEB6 /* Dictionary+Equatable.swift */ = {isa = PBXFileReference; fileEncoding = 4; lastKnownFileType = sourcecode.swift; path = "Dictionary+Equatable.swift"; sourceTree = "<group>"; };
		4F316CC01CE88599007F9241 /* MockParent.swift */ = {isa = PBXFileReference; fileEncoding = 4; lastKnownFileType = sourcecode.swift; path = MockParent.swift; sourceTree = "<group>"; };
		4F316CC21CE885C8007F9241 /* MockChild.swift */ = {isa = PBXFileReference; fileEncoding = 4; lastKnownFileType = sourcecode.swift; path = MockChild.swift; sourceTree = "<group>"; };
		4F316CC51CE88898007F9241 /* XCTestCase+Additions.swift */ = {isa = PBXFileReference; fileEncoding = 4; lastKnownFileType = sourcecode.swift; path = "XCTestCase+Additions.swift"; sourceTree = "<group>"; };
		4F47CDF21D1B3C4800F95472 /* Dictionary+JSONKey.swift */ = {isa = PBXFileReference; fileEncoding = 4; lastKnownFileType = sourcecode.swift; path = "Dictionary+JSONKey.swift"; sourceTree = "<group>"; };
		4F47CDF31D1B3C4800F95472 /* DecodingError.swift */ = {isa = PBXFileReference; fileEncoding = 4; lastKnownFileType = sourcecode.swift; path = DecodingError.swift; sourceTree = "<group>"; };
		4F47CDF41D1B3C4800F95472 /* JSONFileLoading.swift */ = {isa = PBXFileReference; fileEncoding = 4; lastKnownFileType = sourcecode.swift; path = JSONFileLoading.swift; sourceTree = "<group>"; };
		4F7429F91D7CA7940027EAAD /* Example.playground */ = {isa = PBXFileReference; lastKnownFileType = file.playground; path = Example.playground; sourceTree = "<group>"; xcLanguageSpecificationIdentifier = xcode.lang.swift; };
		4F8ADC551C01F02B008FD528 /* correct_with_missing_raw_array.json */ = {isa = PBXFileReference; fileEncoding = 4; lastKnownFileType = text.json; path = correct_with_missing_raw_array.json; sourceTree = "<group>"; };
		4F8ADC571C01F100008FD528 /* correct_with_missing_nested_array.json */ = {isa = PBXFileReference; fileEncoding = 4; lastKnownFileType = text.json; path = correct_with_missing_nested_array.json; sourceTree = "<group>"; };
		4FD43DD21D3C2D4100075410 /* BundleFileLoadingTests.swift */ = {isa = PBXFileReference; fileEncoding = 4; lastKnownFileType = sourcecode.swift; path = BundleFileLoadingTests.swift; sourceTree = "<group>"; };
		4FE3C0251C00EDE900607CC4 /* JSONUtilities.framework */ = {isa = PBXFileReference; explicitFileType = wrapper.framework; includeInIndex = 0; path = JSONUtilities.framework; sourceTree = BUILT_PRODUCTS_DIR; };
		4FE3C0281C00EDE900607CC4 /* JSONUtilities.h */ = {isa = PBXFileReference; lastKnownFileType = sourcecode.c.h; path = JSONUtilities.h; sourceTree = "<group>"; };
		4FE3C02A1C00EDE900607CC4 /* Info.plist */ = {isa = PBXFileReference; lastKnownFileType = text.plist.xml; path = Info.plist; sourceTree = "<group>"; };
		4FE3C02F1C00EDE900607CC4 /* JSONUtilitiesTests.xctest */ = {isa = PBXFileReference; explicitFileType = wrapper.cfbundle; includeInIndex = 0; path = JSONUtilitiesTests.xctest; sourceTree = BUILT_PRODUCTS_DIR; };
		4FE3C0341C00EDE900607CC4 /* FileLoadingTests.swift */ = {isa = PBXFileReference; lastKnownFileType = sourcecode.swift; path = FileLoadingTests.swift; sourceTree = "<group>"; };
		4FE3C0361C00EDE900607CC4 /* Info.plist */ = {isa = PBXFileReference; lastKnownFileType = text.plist.xml; path = Info.plist; sourceTree = "<group>"; };
		4FE3C04A1C00EED400607CC4 /* correct.json */ = {isa = PBXFileReference; fileEncoding = 4; lastKnownFileType = text.json; path = correct.json; sourceTree = "<group>"; };
		4FE3C04B1C00EED400607CC4 /* correct_without_nested_object.json */ = {isa = PBXFileReference; fileEncoding = 4; lastKnownFileType = text.json; path = correct_without_nested_object.json; sourceTree = "<group>"; };
		4FE3C04C1C00EED400607CC4 /* invalid.json */ = {isa = PBXFileReference; fileEncoding = 4; lastKnownFileType = text.json; path = invalid.json; sourceTree = "<group>"; };
		4FE3C04D1C00EED400607CC4 /* root_array.json */ = {isa = PBXFileReference; fileEncoding = 4; lastKnownFileType = text.json; path = root_array.json; sourceTree = "<group>"; };
		4FE3C04E1C00EED400607CC4 /* empty.json */ = {isa = PBXFileReference; fileEncoding = 4; lastKnownFileType = text.json; path = empty.json; sourceTree = "<group>"; };
		4FE3C0541C00EEE800607CC4 /* JSONDecodingTests.swift */ = {isa = PBXFileReference; fileEncoding = 4; lastKnownFileType = sourcecode.swift; path = JSONDecodingTests.swift; sourceTree = "<group>"; };
		4FE3C05B1C00F05700607CC4 /* JSONFiles.swift */ = {isa = PBXFileReference; fileEncoding = 4; lastKnownFileType = sourcecode.swift; path = JSONFiles.swift; sourceTree = "<group>"; };
		4FF31F3A1D7CBF8C00C9CCC8 /* Dictionary+KeyPathTests.swift */ = {isa = PBXFileReference; fileEncoding = 4; lastKnownFileType = sourcecode.swift; path = "Dictionary+KeyPathTests.swift"; sourceTree = "<group>"; };
		CC0188FE1EB2288A00D4EA87 /* InvalidItemBehaviour.swift */ = {isa = PBXFileReference; fileEncoding = 4; lastKnownFileType = sourcecode.swift; path = InvalidItemBehaviour.swift; sourceTree = "<group>"; };
		CCE82ACF1EAA41450035C9F1 /* InvalidItemBehaviourTests.swift */ = {isa = PBXFileReference; fileEncoding = 4; lastKnownFileType = sourcecode.swift; path = InvalidItemBehaviourTests.swift; sourceTree = "<group>"; };
		EAD4CA3F1D894B0D001842D6 /* URL+JSONPrimitiveConvertible.swift */ = {isa = PBXFileReference; fileEncoding = 4; lastKnownFileType = sourcecode.swift; path = "URL+JSONPrimitiveConvertible.swift"; sourceTree = "<group>"; };
/* End PBXFileReference section */

/* Begin PBXFrameworksBuildPhase section */
		4FE3C0211C00EDE900607CC4 /* Frameworks */ = {
			isa = PBXFrameworksBuildPhase;
			buildActionMask = 2147483647;
			files = (
			);
			runOnlyForDeploymentPostprocessing = 0;
		};
		4FE3C02C1C00EDE900607CC4 /* Frameworks */ = {
			isa = PBXFrameworksBuildPhase;
			buildActionMask = 2147483647;
			files = (
				4FE3C0301C00EDE900607CC4 /* JSONUtilities.framework in Frameworks */,
			);
			runOnlyForDeploymentPostprocessing = 0;
		};
/* End PBXFrameworksBuildPhase section */

/* Begin PBXGroup section */
		4F316CC41CE8869E007F9241 /* Helpers */ = {
			isa = PBXGroup;
			children = (
				4F0F85FA1CDFEA6E00D2EEB6 /* Dictionary+Equatable.swift */,
				4F316CC51CE88898007F9241 /* XCTestCase+Additions.swift */,
			);
			path = Helpers;
			sourceTree = "<group>";
		};
		4F316CC71CE889EE007F9241 /* Metadata */ = {
			isa = PBXGroup;
			children = (
				4FE3C02A1C00EDE900607CC4 /* Info.plist */,
				4FE3C0281C00EDE900607CC4 /* JSONUtilities.h */,
			);
			path = Metadata;
			sourceTree = "<group>";
		};
		4F316CC81CE88BA6007F9241 /* Metadata */ = {
			isa = PBXGroup;
			children = (
				4FE3C0361C00EDE900607CC4 /* Info.plist */,
			);
			path = Metadata;
			sourceTree = "<group>";
		};
		4F47CDEF1D1B3C4800F95472 /* Sources */ = {
			isa = PBXGroup;
			children = (
				4F7429FC1D7CAE9E0027EAAD /* JSONUtilities */,
			);
			path = Sources;
			sourceTree = "<group>";
		};
		4F7429FB1D7CAE900027EAAD /* JSONUtilitiesTests */ = {
			isa = PBXGroup;
			children = (
				4F316CC41CE8869E007F9241 /* Helpers */,
				4F316CC81CE88BA6007F9241 /* Metadata */,
				4FE3C0561C00EF0D00607CC4 /* Mocks */,
				4FE3C0431C00EEB200607CC4 /* TestFiles */,
				4FE3C0341C00EDE900607CC4 /* FileLoadingTests.swift */,
				4F05C4F31CE89191003D4718 /* InlineDecodingTests.swift */,
				4FE3C0541C00EEE800607CC4 /* JSONDecodingTests.swift */,
				4F0842021C96143500C28467 /* JSONPrimitiveConvertibleTests.swift */,
				4FF31F3A1D7CBF8C00C9CCC8 /* Dictionary+KeyPathTests.swift */,
				CCE82ACF1EAA41450035C9F1 /* InvalidItemBehaviourTests.swift */,
			);
			path = JSONUtilitiesTests;
			sourceTree = "<group>";
		};
		4F7429FC1D7CAE9E0027EAAD /* JSONUtilities */ = {
			isa = PBXGroup;
			children = (
				4F47CDF21D1B3C4800F95472 /* Dictionary+JSONKey.swift */,
				4F044FA61D7CB40E009FADD4 /* Dictionary+KeyPath.swift */,
				4F47CDF31D1B3C4800F95472 /* DecodingError.swift */,
				4F47CDF41D1B3C4800F95472 /* JSONFileLoading.swift */,
				4F037C281D1B406D0075FC5E /* JSONObjectConvertible.swift */,
				4F037C291D1B406D0075FC5E /* JSONPrimitiveConvertible.swift */,
				EAD4CA3F1D894B0D001842D6 /* URL+JSONPrimitiveConvertible.swift */,
				CC0188FE1EB2288A00D4EA87 /* InvalidItemBehaviour.swift */,
			);
			path = JSONUtilities;
			sourceTree = "<group>";
		};
		4FD43DD51D3C2D7900075410 /* NonSwiftPackageManagerTests */ = {
			isa = PBXGroup;
			children = (
				4FD43DD21D3C2D4100075410 /* BundleFileLoadingTests.swift */,
			);
			path = NonSwiftPackageManagerTests;
			sourceTree = "<group>";
		};
		4FE3C01B1C00EDE900607CC4 = {
			isa = PBXGroup;
			children = (
				4F7429F91D7CA7940027EAAD /* Example.playground */,
				4F316CC71CE889EE007F9241 /* Metadata */,
				4FD43DD51D3C2D7900075410 /* NonSwiftPackageManagerTests */,
				4FE3C0261C00EDE900607CC4 /* Products */,
				4F47CDEF1D1B3C4800F95472 /* Sources */,
				4FE3C0331C00EDE900607CC4 /* Tests */,
			);
			indentWidth = 2;
			sourceTree = "<group>";
			tabWidth = 2;
			usesTabs = 0;
		};
		4FE3C0261C00EDE900607CC4 /* Products */ = {
			isa = PBXGroup;
			children = (
				4FE3C0251C00EDE900607CC4 /* JSONUtilities.framework */,
				4FE3C02F1C00EDE900607CC4 /* JSONUtilitiesTests.xctest */,
			);
			name = Products;
			sourceTree = "<group>";
		};
		4FE3C0331C00EDE900607CC4 /* Tests */ = {
			isa = PBXGroup;
			children = (
				4F7429FB1D7CAE900027EAAD /* JSONUtilitiesTests */,
			);
			path = Tests;
			sourceTree = "<group>";
		};
		4FE3C0431C00EEB200607CC4 /* TestFiles */ = {
			isa = PBXGroup;
			children = (
				4FE3C05B1C00F05700607CC4 /* JSONFiles.swift */,
				4FE3C04A1C00EED400607CC4 /* correct.json */,
				4F8ADC571C01F100008FD528 /* correct_with_missing_nested_array.json */,
				4F8ADC551C01F02B008FD528 /* correct_with_missing_raw_array.json */,
				4FE3C04B1C00EED400607CC4 /* correct_without_nested_object.json */,
				4FE3C04E1C00EED400607CC4 /* empty.json */,
				4FE3C04C1C00EED400607CC4 /* invalid.json */,
				4FE3C04D1C00EED400607CC4 /* root_array.json */,
			);
			path = TestFiles;
			sourceTree = "<group>";
		};
		4FE3C0561C00EF0D00607CC4 /* Mocks */ = {
			isa = PBXGroup;
			children = (
				4F316CC21CE885C8007F9241 /* MockChild.swift */,
				4F316CC01CE88599007F9241 /* MockParent.swift */,
				4F05C4F51CE8C50F003D4718 /* MockSimpleChild.swift */,
				4F05C4F71CE8C518003D4718 /* MockSimpleParent.swift */,
			);
			path = Mocks;
			sourceTree = "<group>";
		};
/* End PBXGroup section */

/* Begin PBXHeadersBuildPhase section */
		4FE3C0221C00EDE900607CC4 /* Headers */ = {
			isa = PBXHeadersBuildPhase;
			buildActionMask = 2147483647;
			files = (
				4FE3C0291C00EDE900607CC4 /* JSONUtilities.h in Headers */,
			);
			runOnlyForDeploymentPostprocessing = 0;
		};
/* End PBXHeadersBuildPhase section */

/* Begin PBXNativeTarget section */
		4FE3C0241C00EDE900607CC4 /* JSONUtilities */ = {
			isa = PBXNativeTarget;
			buildConfigurationList = 4FE3C0391C00EDE900607CC4 /* Build configuration list for PBXNativeTarget "JSONUtilities" */;
			buildPhases = (
				4F0109921DFEB65800431494 /* SwiftLint */,
				4FE3C0201C00EDE900607CC4 /* Sources */,
				4FE3C0211C00EDE900607CC4 /* Frameworks */,
				4FE3C0221C00EDE900607CC4 /* Headers */,
				4FE3C0231C00EDE900607CC4 /* Resources */,
			);
			buildRules = (
			);
			dependencies = (
			);
			name = JSONUtilities;
			productName = JSONUtilities;
			productReference = 4FE3C0251C00EDE900607CC4 /* JSONUtilities.framework */;
			productType = "com.apple.product-type.framework";
		};
		4FE3C02E1C00EDE900607CC4 /* JSONUtilitiesTests */ = {
			isa = PBXNativeTarget;
			buildConfigurationList = 4FE3C03C1C00EDE900607CC4 /* Build configuration list for PBXNativeTarget "JSONUtilitiesTests" */;
			buildPhases = (
				4FE3C02B1C00EDE900607CC4 /* Sources */,
				4FE3C02C1C00EDE900607CC4 /* Frameworks */,
				4FE3C02D1C00EDE900607CC4 /* Resources */,
			);
			buildRules = (
			);
			dependencies = (
				4FE3C0321C00EDE900607CC4 /* PBXTargetDependency */,
			);
			name = JSONUtilitiesTests;
			productName = JSONUtilitiesTests;
			productReference = 4FE3C02F1C00EDE900607CC4 /* JSONUtilitiesTests.xctest */;
			productType = "com.apple.product-type.bundle.unit-test";
		};
/* End PBXNativeTarget section */

/* Begin PBXProject section */
		4FE3C01C1C00EDE900607CC4 /* Project object */ = {
			isa = PBXProject;
			attributes = {
				LastSwiftUpdateCheck = 0710;
				LastUpgradeCheck = 1020;
				ORGANIZATIONNAME = "Luciano Marisi";
				TargetAttributes = {
					4FE3C0241C00EDE900607CC4 = {
						CreatedOnToolsVersion = 7.1;
						LastSwiftMigration = 1020;
						ProvisioningStyle = Manual;
					};
					4FE3C02E1C00EDE900607CC4 = {
						CreatedOnToolsVersion = 7.1;
						LastSwiftMigration = 1020;
					};
				};
			};
			buildConfigurationList = 4FE3C01F1C00EDE900607CC4 /* Build configuration list for PBXProject "JSONUtilities" */;
			compatibilityVersion = "Xcode 3.2";
			developmentRegion = en;
			hasScannedForEncodings = 0;
			knownRegions = (
				en,
				Base,
			);
			mainGroup = 4FE3C01B1C00EDE900607CC4;
			productRefGroup = 4FE3C0261C00EDE900607CC4 /* Products */;
			projectDirPath = "";
			projectRoot = "";
			targets = (
				4FE3C0241C00EDE900607CC4 /* JSONUtilities */,
				4FE3C02E1C00EDE900607CC4 /* JSONUtilitiesTests */,
			);
		};
/* End PBXProject section */

/* Begin PBXResourcesBuildPhase section */
		4FE3C0231C00EDE900607CC4 /* Resources */ = {
			isa = PBXResourcesBuildPhase;
			buildActionMask = 2147483647;
			files = (
			);
			runOnlyForDeploymentPostprocessing = 0;
		};
		4FE3C02D1C00EDE900607CC4 /* Resources */ = {
			isa = PBXResourcesBuildPhase;
			buildActionMask = 2147483647;
			files = (
				4F8ADC581C01F100008FD528 /* correct_with_missing_nested_array.json in Resources */,
				4FE3C04F1C00EED400607CC4 /* correct.json in Resources */,
				4FE3C0511C00EED400607CC4 /* invalid.json in Resources */,
				4F8ADC561C01F02B008FD528 /* correct_with_missing_raw_array.json in Resources */,
				4FE3C0501C00EED400607CC4 /* correct_without_nested_object.json in Resources */,
				4FE3C0521C00EED400607CC4 /* root_array.json in Resources */,
				4FE3C0531C00EED400607CC4 /* empty.json in Resources */,
			);
			runOnlyForDeploymentPostprocessing = 0;
		};
/* End PBXResourcesBuildPhase section */

/* Begin PBXShellScriptBuildPhase section */
		4F0109921DFEB65800431494 /* SwiftLint */ = {
			isa = PBXShellScriptBuildPhase;
			buildActionMask = 2147483647;
			files = (
			);
			inputPaths = (
			);
			name = SwiftLint;
			outputPaths = (
			);
			runOnlyForDeploymentPostprocessing = 0;
			shellPath = /bin/sh;
			shellScript = "if which swiftlint >/dev/null; then\n    swiftlint\n    swiftlint autocorrect\nelse\n    echo \"warning: SwiftLint not installed, download from https://github.com/realm/SwiftLint\"\nfi";
		};
/* End PBXShellScriptBuildPhase section */

/* Begin PBXSourcesBuildPhase section */
		4FE3C0201C00EDE900607CC4 /* Sources */ = {
			isa = PBXSourcesBuildPhase;
			buildActionMask = 2147483647;
			files = (
				4F47CDFA1D1B3C4800F95472 /* JSONFileLoading.swift in Sources */,
				4F47CDF81D1B3C4800F95472 /* Dictionary+JSONKey.swift in Sources */,
				4F044FA71D7CB40E009FADD4 /* Dictionary+KeyPath.swift in Sources */,
				4F47CDF91D1B3C4800F95472 /* DecodingError.swift in Sources */,
				4F037C2B1D1B406D0075FC5E /* JSONPrimitiveConvertible.swift in Sources */,
				CC0188FF1EB2288A00D4EA87 /* InvalidItemBehaviour.swift in Sources */,
				4F037C2A1D1B406D0075FC5E /* JSONObjectConvertible.swift in Sources */,
				EAD4CA401D894B0D001842D6 /* URL+JSONPrimitiveConvertible.swift in Sources */,
			);
			runOnlyForDeploymentPostprocessing = 0;
		};
		4FE3C02B1C00EDE900607CC4 /* Sources */ = {
			isa = PBXSourcesBuildPhase;
			buildActionMask = 2147483647;
			files = (
				4FE3C0551C00EEE800607CC4 /* JSONDecodingTests.swift in Sources */,
				4F43396B1D3C174000C64537 /* MockChild.swift in Sources */,
				4FD43DD41D3C2D4E00075410 /* BundleFileLoadingTests.swift in Sources */,
				4F316CC11CE88599007F9241 /* MockParent.swift in Sources */,
				4F05C4F81CE8C518003D4718 /* MockSimpleParent.swift in Sources */,
				4FE3C0351C00EDE900607CC4 /* FileLoadingTests.swift in Sources */,
				4F05C4F41CE89191003D4718 /* InlineDecodingTests.swift in Sources */,
				4F05C4F61CE8C50F003D4718 /* MockSimpleChild.swift in Sources */,
				CCE82AD11EAA41900035C9F1 /* InvalidItemBehaviourTests.swift in Sources */,
				4F0842031C96143500C28467 /* JSONPrimitiveConvertibleTests.swift in Sources */,
				4F316CC61CE88898007F9241 /* XCTestCase+Additions.swift in Sources */,
				4FF31F3B1D7CBF8C00C9CCC8 /* Dictionary+KeyPathTests.swift in Sources */,
				4F4339691D3C159900C64537 /* Dictionary+Equatable.swift in Sources */,
				4FD43DD81D3C317800075410 /* JSONFiles.swift in Sources */,
			);
			runOnlyForDeploymentPostprocessing = 0;
		};
/* End PBXSourcesBuildPhase section */

/* Begin PBXTargetDependency section */
		4FE3C0321C00EDE900607CC4 /* PBXTargetDependency */ = {
			isa = PBXTargetDependency;
			target = 4FE3C0241C00EDE900607CC4 /* JSONUtilities */;
			targetProxy = 4FE3C0311C00EDE900607CC4 /* PBXContainerItemProxy */;
		};
/* End PBXTargetDependency section */

/* Begin XCBuildConfiguration section */
		4FE3C0371C00EDE900607CC4 /* Debug */ = {
			isa = XCBuildConfiguration;
			buildSettings = {
				ALWAYS_SEARCH_USER_PATHS = NO;
				CLANG_ANALYZER_LOCALIZABILITY_NONLOCALIZED = YES;
				CLANG_CXX_LANGUAGE_STANDARD = "gnu++0x";
				CLANG_CXX_LIBRARY = "libc++";
				CLANG_ENABLE_MODULES = YES;
				CLANG_ENABLE_OBJC_ARC = YES;
				CLANG_WARN_BLOCK_CAPTURE_AUTORELEASING = YES;
				CLANG_WARN_BOOL_CONVERSION = YES;
				CLANG_WARN_COMMA = YES;
				CLANG_WARN_CONSTANT_CONVERSION = YES;
				CLANG_WARN_DEPRECATED_OBJC_IMPLEMENTATIONS = YES;
				CLANG_WARN_DIRECT_OBJC_ISA_USAGE = YES_ERROR;
				CLANG_WARN_EMPTY_BODY = YES;
				CLANG_WARN_ENUM_CONVERSION = YES;
				CLANG_WARN_INFINITE_RECURSION = YES;
				CLANG_WARN_INT_CONVERSION = YES;
				CLANG_WARN_NON_LITERAL_NULL_CONVERSION = YES;
				CLANG_WARN_OBJC_IMPLICIT_RETAIN_SELF = YES;
				CLANG_WARN_OBJC_LITERAL_CONVERSION = YES;
				CLANG_WARN_OBJC_ROOT_CLASS = YES_ERROR;
				CLANG_WARN_RANGE_LOOP_ANALYSIS = YES;
				CLANG_WARN_STRICT_PROTOTYPES = YES;
				CLANG_WARN_SUSPICIOUS_MOVE = YES;
				CLANG_WARN_UNREACHABLE_CODE = YES;
				CLANG_WARN__DUPLICATE_METHOD_MATCH = YES;
				COPY_PHASE_STRIP = NO;
				CURRENT_PROJECT_VERSION = 1;
				DEBUG_INFORMATION_FORMAT = dwarf;
				ENABLE_STRICT_OBJC_MSGSEND = YES;
				ENABLE_TESTABILITY = YES;
				GCC_C_LANGUAGE_STANDARD = gnu99;
				GCC_DYNAMIC_NO_PIC = NO;
				GCC_NO_COMMON_BLOCKS = YES;
				GCC_OPTIMIZATION_LEVEL = 0;
				GCC_PREPROCESSOR_DEFINITIONS = (
					"DEBUG=1",
					"$(inherited)",
				);
				GCC_WARN_64_TO_32_BIT_CONVERSION = YES;
				GCC_WARN_ABOUT_RETURN_TYPE = YES_ERROR;
				GCC_WARN_UNDECLARED_SELECTOR = YES;
				GCC_WARN_UNINITIALIZED_AUTOS = YES_AGGRESSIVE;
				GCC_WARN_UNUSED_FUNCTION = YES;
				GCC_WARN_UNUSED_VARIABLE = YES;
				IPHONEOS_DEPLOYMENT_TARGET = 8.0;
				MACOSX_DEPLOYMENT_TARGET = 10.10;
				MTL_ENABLE_DEBUG_INFO = YES;
				ONLY_ACTIVE_ARCH = YES;
				SUPPORTED_PLATFORMS = "iphonesimulator iphoneos macosx appletvos watchos appletvsimulator watchsimulator";
				SWIFT_OPTIMIZATION_LEVEL = "-Onone";
				TARGETED_DEVICE_FAMILY = "1,2,3,4";
				TVOS_DEPLOYMENT_TARGET = 9.0;
				VERSIONING_SYSTEM = "apple-generic";
				VERSION_INFO_PREFIX = "";
				WATCHOS_DEPLOYMENT_TARGET = 2.0;
			};
			name = Debug;
		};
		4FE3C0381C00EDE900607CC4 /* Release */ = {
			isa = XCBuildConfiguration;
			buildSettings = {
				ALWAYS_SEARCH_USER_PATHS = NO;
				CLANG_ANALYZER_LOCALIZABILITY_NONLOCALIZED = YES;
				CLANG_CXX_LANGUAGE_STANDARD = "gnu++0x";
				CLANG_CXX_LIBRARY = "libc++";
				CLANG_ENABLE_MODULES = YES;
				CLANG_ENABLE_OBJC_ARC = YES;
				CLANG_WARN_BLOCK_CAPTURE_AUTORELEASING = YES;
				CLANG_WARN_BOOL_CONVERSION = YES;
				CLANG_WARN_COMMA = YES;
				CLANG_WARN_CONSTANT_CONVERSION = YES;
				CLANG_WARN_DEPRECATED_OBJC_IMPLEMENTATIONS = YES;
				CLANG_WARN_DIRECT_OBJC_ISA_USAGE = YES_ERROR;
				CLANG_WARN_EMPTY_BODY = YES;
				CLANG_WARN_ENUM_CONVERSION = YES;
				CLANG_WARN_INFINITE_RECURSION = YES;
				CLANG_WARN_INT_CONVERSION = YES;
				CLANG_WARN_NON_LITERAL_NULL_CONVERSION = YES;
				CLANG_WARN_OBJC_IMPLICIT_RETAIN_SELF = YES;
				CLANG_WARN_OBJC_LITERAL_CONVERSION = YES;
				CLANG_WARN_OBJC_ROOT_CLASS = YES_ERROR;
				CLANG_WARN_RANGE_LOOP_ANALYSIS = YES;
				CLANG_WARN_STRICT_PROTOTYPES = YES;
				CLANG_WARN_SUSPICIOUS_MOVE = YES;
				CLANG_WARN_UNREACHABLE_CODE = YES;
				CLANG_WARN__DUPLICATE_METHOD_MATCH = YES;
				COPY_PHASE_STRIP = NO;
				CURRENT_PROJECT_VERSION = 1;
				DEBUG_INFORMATION_FORMAT = "dwarf-with-dsym";
				ENABLE_NS_ASSERTIONS = NO;
				ENABLE_STRICT_OBJC_MSGSEND = YES;
				GCC_C_LANGUAGE_STANDARD = gnu99;
				GCC_NO_COMMON_BLOCKS = YES;
				GCC_WARN_64_TO_32_BIT_CONVERSION = YES;
				GCC_WARN_ABOUT_RETURN_TYPE = YES_ERROR;
				GCC_WARN_UNDECLARED_SELECTOR = YES;
				GCC_WARN_UNINITIALIZED_AUTOS = YES_AGGRESSIVE;
				GCC_WARN_UNUSED_FUNCTION = YES;
				GCC_WARN_UNUSED_VARIABLE = YES;
				IPHONEOS_DEPLOYMENT_TARGET = 8.0;
				MACOSX_DEPLOYMENT_TARGET = 10.10;
				MTL_ENABLE_DEBUG_INFO = NO;
				SUPPORTED_PLATFORMS = "iphonesimulator iphoneos macosx appletvos watchos appletvsimulator watchsimulator";
				TARGETED_DEVICE_FAMILY = "1,2,3,4";
				TVOS_DEPLOYMENT_TARGET = 9.0;
				VALIDATE_PRODUCT = YES;
				VERSIONING_SYSTEM = "apple-generic";
				VERSION_INFO_PREFIX = "";
				WATCHOS_DEPLOYMENT_TARGET = 2.0;
			};
			name = Release;
		};
		4FE3C03A1C00EDE900607CC4 /* Debug */ = {
			isa = XCBuildConfiguration;
			buildSettings = {
				CLANG_ENABLE_MODULES = YES;
				DEFINES_MODULE = YES;
				DYLIB_COMPATIBILITY_VERSION = 1;
				DYLIB_CURRENT_VERSION = 1;
				DYLIB_INSTALL_NAME_BASE = "@rpath";
				INFOPLIST_FILE = Metadata/Info.plist;
				INSTALL_PATH = "$(LOCAL_LIBRARY_DIR)/Frameworks";
				LD_RUNPATH_SEARCH_PATHS = "$(inherited) @executable_path/Frameworks @loader_path/Frameworks";
				PRODUCT_BUNDLE_IDENTIFIER = "com.TechBrewers-LTD.JSONUtilities";
				PRODUCT_NAME = "$(TARGET_NAME)";
				SKIP_INSTALL = YES;
				SWIFT_OPTIMIZATION_LEVEL = "-Onone";
				SWIFT_VERSION = 5.0;
			};
			name = Debug;
		};
		4FE3C03B1C00EDE900607CC4 /* Release */ = {
			isa = XCBuildConfiguration;
			buildSettings = {
				CLANG_ENABLE_MODULES = YES;
				DEFINES_MODULE = YES;
				DYLIB_COMPATIBILITY_VERSION = 1;
				DYLIB_CURRENT_VERSION = 1;
				DYLIB_INSTALL_NAME_BASE = "@rpath";
				INFOPLIST_FILE = Metadata/Info.plist;
				INSTALL_PATH = "$(LOCAL_LIBRARY_DIR)/Frameworks";
				LD_RUNPATH_SEARCH_PATHS = "$(inherited) @executable_path/Frameworks @loader_path/Frameworks";
				PRODUCT_BUNDLE_IDENTIFIER = "com.TechBrewers-LTD.JSONUtilities";
				PRODUCT_NAME = "$(TARGET_NAME)";
				SKIP_INSTALL = YES;
				SWIFT_OPTIMIZATION_LEVEL = "-Owholemodule";
				SWIFT_VERSION = 5.0;
			};
			name = Release;
		};
		4FE3C03D1C00EDE900607CC4 /* Debug */ = {
			isa = XCBuildConfiguration;
			buildSettings = {
				INFOPLIST_FILE = Tests/JSONUtilitiesTests/Metadata/Info.plist;
				LD_RUNPATH_SEARCH_PATHS = "$(inherited) @executable_path/Frameworks @loader_path/Frameworks @executable_path/../Frameworks @loader_path/../Frameworks";
				PRODUCT_BUNDLE_IDENTIFIER = "com.TechBrewers-LTD.JSONUtilitiesTests";
				PRODUCT_NAME = "$(TARGET_NAME)";
				SUPPORTED_PLATFORMS = "iphonesimulator iphoneos macosx appletvos appletvsimulator";
				SWIFT_VERSION = 5.0;
			};
			name = Debug;
		};
		4FE3C03E1C00EDE900607CC4 /* Release */ = {
			isa = XCBuildConfiguration;
			buildSettings = {
				INFOPLIST_FILE = Tests/JSONUtilitiesTests/Metadata/Info.plist;
				LD_RUNPATH_SEARCH_PATHS = "$(inherited) @executable_path/Frameworks @loader_path/Frameworks @executable_path/../Frameworks @loader_path/../Frameworks";
				PRODUCT_BUNDLE_IDENTIFIER = "com.TechBrewers-LTD.JSONUtilitiesTests";
				PRODUCT_NAME = "$(TARGET_NAME)";
				SUPPORTED_PLATFORMS = "iphonesimulator iphoneos macosx appletvos appletvsimulator";
				SWIFT_OPTIMIZATION_LEVEL = "-Owholemodule";
				SWIFT_VERSION = 5.0;
			};
			name = Release;
		};
/* End XCBuildConfiguration section */

/* Begin XCConfigurationList section */
		4FE3C01F1C00EDE900607CC4 /* Build configuration list for PBXProject "JSONUtilities" */ = {
			isa = XCConfigurationList;
			buildConfigurations = (
				4FE3C0371C00EDE900607CC4 /* Debug */,
				4FE3C0381C00EDE900607CC4 /* Release */,
			);
			defaultConfigurationIsVisible = 0;
			defaultConfigurationName = Release;
		};
		4FE3C0391C00EDE900607CC4 /* Build configuration list for PBXNativeTarget "JSONUtilities" */ = {
			isa = XCConfigurationList;
			buildConfigurations = (
				4FE3C03A1C00EDE900607CC4 /* Debug */,
				4FE3C03B1C00EDE900607CC4 /* Release */,
			);
			defaultConfigurationIsVisible = 0;
			defaultConfigurationName = Release;
		};
		4FE3C03C1C00EDE900607CC4 /* Build configuration list for PBXNativeTarget "JSONUtilitiesTests" */ = {
			isa = XCConfigurationList;
			buildConfigurations = (
				4FE3C03D1C00EDE900607CC4 /* Debug */,
				4FE3C03E1C00EDE900607CC4 /* Release */,
			);
			defaultConfigurationIsVisible = 0;
			defaultConfigurationName = Release;
		};
/* End XCConfigurationList section */
	};
	rootObject = 4FE3C01C1C00EDE900607CC4 /* Project object */;
}
